// !$*UTF8*$!
{
	archiveVersion = 1;
	classes = {
	};
	objectVersion = 56;
	objects = {

/* Begin PBXBuildFile section */
		4968E7722A84428C0099ED12 /* CNNEmotions.mlmodel in Sources */ = {isa = PBXBuildFile; fileRef = 4968E7712A84428C0099ED12 /* CNNEmotions.mlmodel */; };
		49DEDEE52A843DA2003C1850 /* AppDelegate.swift in Sources */ = {isa = PBXBuildFile; fileRef = 49DEDEE42A843DA2003C1850 /* AppDelegate.swift */; };
		49DEDEE72A843DA2003C1850 /* SceneDelegate.swift in Sources */ = {isa = PBXBuildFile; fileRef = 49DEDEE62A843DA2003C1850 /* SceneDelegate.swift */; };
		49DEDEE92A843DA2003C1850 /* ViewController.swift in Sources */ = {isa = PBXBuildFile; fileRef = 49DEDEE82A843DA2003C1850 /* ViewController.swift */; };
		49DEDEEC2A843DA2003C1850 /* Main.storyboard in Resources */ = {isa = PBXBuildFile; fileRef = 49DEDEEA2A843DA2003C1850 /* Main.storyboard */; };
		49DEDEEE2A843DB8003C1850 /* Assets.xcassets in Resources */ = {isa = PBXBuildFile; fileRef = 49DEDEED2A843DB8003C1850 /* Assets.xcassets */; };
		49DEDEF12A843DB8003C1850 /* LaunchScreen.storyboard in Resources */ = {isa = PBXBuildFile; fileRef = 49DEDEEF2A843DB8003C1850 /* LaunchScreen.storyboard */; };
/* End PBXBuildFile section */

/* Begin PBXFileReference section */
		4968E7712A84428C0099ED12 /* CNNEmotions.mlmodel */ = {isa = PBXFileReference; lastKnownFileType = file.mlmodel; path = CNNEmotions.mlmodel; sourceTree = "<group>"; };
		49DEDEE12A843DA2003C1850 /* Emotion Wallpaper.app */ = {isa = PBXFileReference; explicitFileType = wrapper.application; includeInIndex = 0; path = "Emotion Wallpaper.app"; sourceTree = BUILT_PRODUCTS_DIR; };
		49DEDEE42A843DA2003C1850 /* AppDelegate.swift */ = {isa = PBXFileReference; lastKnownFileType = sourcecode.swift; path = AppDelegate.swift; sourceTree = "<group>"; };
		49DEDEE62A843DA2003C1850 /* SceneDelegate.swift */ = {isa = PBXFileReference; lastKnownFileType = sourcecode.swift; path = SceneDelegate.swift; sourceTree = "<group>"; };
		49DEDEE82A843DA2003C1850 /* ViewController.swift */ = {isa = PBXFileReference; lastKnownFileType = sourcecode.swift; path = ViewController.swift; sourceTree = "<group>"; };
		49DEDEEB2A843DA2003C1850 /* Base */ = {isa = PBXFileReference; lastKnownFileType = file.storyboard; name = Base; path = Base.lproj/Main.storyboard; sourceTree = "<group>"; };
		49DEDEED2A843DB8003C1850 /* Assets.xcassets */ = {isa = PBXFileReference; lastKnownFileType = folder.assetcatalog; path = Assets.xcassets; sourceTree = "<group>"; };
		49DEDEF02A843DB8003C1850 /* Base */ = {isa = PBXFileReference; lastKnownFileType = file.storyboard; name = Base; path = Base.lproj/LaunchScreen.storyboard; sourceTree = "<group>"; };
		49DEDEF22A843DB8003C1850 /* Info.plist */ = {isa = PBXFileReference; lastKnownFileType = text.plist.xml; path = Info.plist; sourceTree = "<group>"; };
/* End PBXFileReference section */

/* Begin PBXFrameworksBuildPhase section */
		49DEDEDE2A843DA2003C1850 /* Frameworks */ = {
			isa = PBXFrameworksBuildPhase;
			buildActionMask = 2147483647;
			files = (
			);
			runOnlyForDeploymentPostprocessing = 0;
		};
/* End PBXFrameworksBuildPhase section */

/* Begin PBXGroup section */
		49DEDED82A843DA1003C1850 = {
			isa = PBXGroup;
			children = (
				49DEDEE32A843DA2003C1850 /* Emotion Wallpaper */,
				49DEDEE22A843DA2003C1850 /* Products */,
			);
			sourceTree = "<group>";
		};
		49DEDEE22A843DA2003C1850 /* Products */ = {
			isa = PBXGroup;
			children = (
				49DEDEE12A843DA2003C1850 /* Emotion Wallpaper.app */,
			);
			name = Products;
			sourceTree = "<group>";
		};
		49DEDEE32A843DA2003C1850 /* Emotion Wallpaper */ = {
			isa = PBXGroup;
			children = (
				49DEDEE42A843DA2003C1850 /* AppDelegate.swift */,
				49DEDEE62A843DA2003C1850 /* SceneDelegate.swift */,
				49DEDEE82A843DA2003C1850 /* ViewController.swift */,
				49DEDEEA2A843DA2003C1850 /* Main.storyboard */,
				49DEDEED2A843DB8003C1850 /* Assets.xcassets */,
				49DEDEEF2A843DB8003C1850 /* LaunchScreen.storyboard */,
				49DEDEF22A843DB8003C1850 /* Info.plist */,
				4968E7712A84428C0099ED12 /* CNNEmotions.mlmodel */,
			);
			path = "Emotion Wallpaper";
			sourceTree = "<group>";
		};
/* End PBXGroup section */

/* Begin PBXNativeTarget section */
		49DEDEE02A843DA2003C1850 /* Emotion Wallpaper */ = {
			isa = PBXNativeTarget;
			buildConfigurationList = 49DEDEF52A843DB8003C1850 /* Build configuration list for PBXNativeTarget "Emotion Wallpaper" */;
			buildPhases = (
				49DEDEDD2A843DA2003C1850 /* Sources */,
				49DEDEDE2A843DA2003C1850 /* Frameworks */,
				49DEDEDF2A843DA2003C1850 /* Resources */,
			);
			buildRules = (
			);
			dependencies = (
			);
			name = "Emotion Wallpaper";
			productName = "Emotion Wallpaper";
			productReference = 49DEDEE12A843DA2003C1850 /* Emotion Wallpaper.app */;
			productType = "com.apple.product-type.application";
		};
/* End PBXNativeTarget section */

/* Begin PBXProject section */
		49DEDED92A843DA2003C1850 /* Project object */ = {
			isa = PBXProject;
			attributes = {
				BuildIndependentTargetsInParallel = 1;
				LastSwiftUpdateCheck = 1420;
				LastUpgradeCheck = 1420;
				TargetAttributes = {
					49DEDEE02A843DA2003C1850 = {
						CreatedOnToolsVersion = 14.2;
					};
				};
			};
			buildConfigurationList = 49DEDEDC2A843DA2003C1850 /* Build configuration list for PBXProject "Emotion Wallpaper" */;
			compatibilityVersion = "Xcode 14.0";
			developmentRegion = en;
			hasScannedForEncodings = 0;
			knownRegions = (
				en,
				Base,
			);
			mainGroup = 49DEDED82A843DA1003C1850;
			productRefGroup = 49DEDEE22A843DA2003C1850 /* Products */;
			projectDirPath = "";
			projectRoot = "";
			targets = (
				49DEDEE02A843DA2003C1850 /* Emotion Wallpaper */,
			);
		};
/* End PBXProject section */

/* Begin PBXResourcesBuildPhase section */
		49DEDEDF2A843DA2003C1850 /* Resources */ = {
			isa = PBXResourcesBuildPhase;
			buildActionMask = 2147483647;
			files = (
				49DEDEF12A843DB8003C1850 /* LaunchScreen.storyboard in Resources */,
				49DEDEEE2A843DB8003C1850 /* Assets.xcassets in Resources */,
				49DEDEEC2A843DA2003C1850 /* Main.storyboard in Resources */,
			);
			runOnlyForDeploymentPostprocessing = 0;
		};
/* End PBXResourcesBuildPhase section */

/* Begin PBXSourcesBuildPhase section */
		49DEDEDD2A843DA2003C1850 /* Sources */ = {
			isa = PBXSourcesBuildPhase;
			buildActionMask = 2147483647;
			files = (
				4968E7722A84428C0099ED12 /* CNNEmotions.mlmodel in Sources */,
				49DEDEE92A843DA2003C1850 /* ViewController.swift in Sources */,
				49DEDEE52A843DA2003C1850 /* AppDelegate.swift in Sources */,
				49DEDEE72A843DA2003C1850 /* SceneDelegate.swift in Sources */,
			);
			runOnlyForDeploymentPostprocessing = 0;
		};
/* End PBXSourcesBuildPhase section */

/* Begin PBXVariantGroup section */
		49DEDEEA2A843DA2003C1850 /* Main.storyboard */ = {
			isa = PBXVariantGroup;
			children = (
				49DEDEEB2A843DA2003C1850 /* Base */,
			);
			name = Main.storyboard;
			sourceTree = "<group>";
		};
		49DEDEEF2A843DB8003C1850 /* LaunchScreen.storyboard */ = {
			isa = PBXVariantGroup;
			children = (
				49DEDEF02A843DB8003C1850 /* Base */,
			);
			name = LaunchScreen.storyboard;
			sourceTree = "<group>";
		};
/* End PBXVariantGroup section */

/* Begin XCBuildConfiguration section */
		49DEDEF32A843DB8003C1850 /* Debug */ = {
			isa = XCBuildConfiguration;
			buildSettings = {
				ALWAYS_SEARCH_USER_PATHS = NO;
				CLANG_ANALYZER_NONNULL = YES;
				CLANG_ANALYZER_NUMBER_OBJECT_CONVERSION = YES_AGGRESSIVE;
				CLANG_CXX_LANGUAGE_STANDARD = "gnu++20";
				CLANG_ENABLE_MODULES = YES;
				CLANG_ENABLE_OBJC_ARC = YES;
				CLANG_ENABLE_OBJC_WEAK = YES;
				CLANG_WARN_BLOCK_CAPTURE_AUTORELEASING = YES;
				CLANG_WARN_BOOL_CONVERSION = YES;
				CLANG_WARN_COMMA = YES;
				CLANG_WARN_CONSTANT_CONVERSION = YES;
				CLANG_WARN_DEPRECATED_OBJC_IMPLEMENTATIONS = YES;
				CLANG_WARN_DIRECT_OBJC_ISA_USAGE = YES_ERROR;
				CLANG_WARN_DOCUMENTATION_COMMENTS = YES;
				CLANG_WARN_EMPTY_BODY = YES;
				CLANG_WARN_ENUM_CONVERSION = YES;
				CLANG_WARN_INFINITE_RECURSION = YES;
				CLANG_WARN_INT_CONVERSION = YES;
				CLANG_WARN_NON_LITERAL_NULL_CONVERSION = YES;
				CLANG_WARN_OBJC_IMPLICIT_RETAIN_SELF = YES;
				CLANG_WARN_OBJC_LITERAL_CONVERSION = YES;
				CLANG_WARN_OBJC_ROOT_CLASS = YES_ERROR;
				CLANG_WARN_QUOTED_INCLUDE_IN_FRAMEWORK_HEADER = YES;
				CLANG_WARN_RANGE_LOOP_ANALYSIS = YES;
				CLANG_WARN_STRICT_PROTOTYPES = YES;
				CLANG_WARN_SUSPICIOUS_MOVE = YES;
				CLANG_WARN_UNGUARDED_AVAILABILITY = YES_AGGRESSIVE;
				CLANG_WARN_UNREACHABLE_CODE = YES;
				CLANG_WARN__DUPLICATE_METHOD_MATCH = YES;
				COPY_PHASE_STRIP = NO;
				DEBUG_INFORMATION_FORMAT = dwarf;
				ENABLE_STRICT_OBJC_MSGSEND = YES;
				ENABLE_TESTABILITY = YES;
				GCC_C_LANGUAGE_STANDARD = gnu11;
				GCC_DYNAMIC_NO_PIC = NO;
				GCC_NO_COMMON_BLOCKS = YES;
				GCC_OPTIMIZATION_LEVEL = 0;
				GCC_PREPROCESSOR_DEFINITIONS = (
					"DEBUG=1",
					"$(inherited)",
				);
				GCC_WARN_64_TO_32_BIT_CONVERSION = YES;
				GCC_WARN_ABOUT_RETURN_TYPE = YES_ERROR;
				GCC_WARN_UNDECLARED_SELECTOR = YES;
				GCC_WARN_UNINITIALIZED_AUTOS = YES_AGGRESSIVE;
				GCC_WARN_UNUSED_FUNCTION = YES;
				GCC_WARN_UNUSED_VARIABLE = YES;
				IPHONEOS_DEPLOYMENT_TARGET = 16.2;
				MTL_ENABLE_DEBUG_INFO = INCLUDE_SOURCE;
				MTL_FAST_MATH = YES;
				ONLY_ACTIVE_ARCH = YES;
				SDKROOT = iphoneos;
				SWIFT_ACTIVE_COMPILATION_CONDITIONS = DEBUG;
				SWIFT_OPTIMIZATION_LEVEL = "-Onone";
			};
			name = Debug;
		};
		49DEDEF42A843DB8003C1850 /* Release */ = {
			isa = XCBuildConfiguration;
			buildSettings = {
				ALWAYS_SEARCH_USER_PATHS = NO;
				CLANG_ANALYZER_NONNULL = YES;
				CLANG_ANALYZER_NUMBER_OBJECT_CONVERSION = YES_AGGRESSIVE;
				CLANG_CXX_LANGUAGE_STANDARD = "gnu++20";
				CLANG_ENABLE_MODULES = YES;
				CLANG_ENABLE_OBJC_ARC = YES;
				CLANG_ENABLE_OBJC_WEAK = YES;
				CLANG_WARN_BLOCK_CAPTURE_AUTORELEASING = YES;
				CLANG_WARN_BOOL_CONVERSION = YES;
				CLANG_WARN_COMMA = YES;
				CLANG_WARN_CONSTANT_CONVERSION = YES;
				CLANG_WARN_DEPRECATED_OBJC_IMPLEMENTATIONS = YES;
				CLANG_WARN_DIRECT_OBJC_ISA_USAGE = YES_ERROR;
				CLANG_WARN_DOCUMENTATION_COMMENTS = YES;
				CLANG_WARN_EMPTY_BODY = YES;
				CLANG_WARN_ENUM_CONVERSION = YES;
				CLANG_WARN_INFINITE_RECURSION = YES;
				CLANG_WARN_INT_CONVERSION = YES;
				CLANG_WARN_NON_LITERAL_NULL_CONVERSION = YES;
				CLANG_WARN_OBJC_IMPLICIT_RETAIN_SELF = YES;
				CLANG_WARN_OBJC_LITERAL_CONVERSION = YES;
				CLANG_WARN_OBJC_ROOT_CLASS = YES_ERROR;
				CLANG_WARN_QUOTED_INCLUDE_IN_FRAMEWORK_HEADER = YES;
				CLANG_WARN_RANGE_LOOP_ANALYSIS = YES;
				CLANG_WARN_STRICT_PROTOTYPES = YES;
				CLANG_WARN_SUSPICIOUS_MOVE = YES;
				CLANG_WARN_UNGUARDED_AVAILABILITY = YES_AGGRESSIVE;
				CLANG_WARN_UNREACHABLE_CODE = YES;
				CLANG_WARN__DUPLICATE_METHOD_MATCH = YES;
				COPY_PHASE_STRIP = NO;
				DEBUG_INFORMATION_FORMAT = "dwarf-with-dsym";
				ENABLE_NS_ASSERTIONS = NO;
				ENABLE_STRICT_OBJC_MSGSEND = YES;
				GCC_C_LANGUAGE_STANDARD = gnu11;
				GCC_NO_COMMON_BLOCKS = YES;
				GCC_WARN_64_TO_32_BIT_CONVERSION = YES;
				GCC_WARN_ABOUT_RETURN_TYPE = YES_ERROR;
				GCC_WARN_UNDECLARED_SELECTOR = YES;
				GCC_WARN_UNINITIALIZED_AUTOS = YES_AGGRESSIVE;
				GCC_WARN_UNUSED_FUNCTION = YES;
				GCC_WARN_UNUSED_VARIABLE = YES;
				IPHONEOS_DEPLOYMENT_TARGET = 16.2;
				MTL_ENABLE_DEBUG_INFO = NO;
				MTL_FAST_MATH = YES;
				SDKROOT = iphoneos;
				SWIFT_COMPILATION_MODE = wholemodule;
				SWIFT_OPTIMIZATION_LEVEL = "-O";
				VALIDATE_PRODUCT = YES;
			};
			name = Release;
		};
		49DEDEF62A843DB8003C1850 /* Debug */ = {
			isa = XCBuildConfiguration;
			buildSettings = {
				ASSETCATALOG_COMPILER_APPICON_NAME = AppIcon;
				ASSETCATALOG_COMPILER_GLOBAL_ACCENT_COLOR_NAME = AccentColor;
				CODE_SIGN_STYLE = Automatic;
				CURRENT_PROJECT_VERSION = 1;
				DEVELOPMENT_TEAM = NWA6SVYX34;
				GENERATE_INFOPLIST_FILE = YES;
				INFOPLIST_FILE = "Emotion Wallpaper/Info.plist";
				INFOPLIST_KEY_NSCameraUsageDescription = "To share and capture photos, Emotion WallPaper needs access to your camera.";
				INFOPLIST_KEY_UIApplicationSupportsIndirectInputEvents = YES;
				INFOPLIST_KEY_UILaunchStoryboardName = LaunchScreen;
				INFOPLIST_KEY_UIMainStoryboardFile = Main;
				INFOPLIST_KEY_UISupportedInterfaceOrientations_iPad = "UIInterfaceOrientationPortrait UIInterfaceOrientationPortraitUpsideDown UIInterfaceOrientationLandscapeLeft UIInterfaceOrientationLandscapeRight";
				INFOPLIST_KEY_UISupportedInterfaceOrientations_iPhone = "UIInterfaceOrientationPortrait UIInterfaceOrientationLandscapeLeft UIInterfaceOrientationLandscapeRight";
				LD_RUNPATH_SEARCH_PATHS = (
					"$(inherited)",
					"@executable_path/Frameworks",
				);
				MARKETING_VERSION = 1.0;
				PRODUCT_BUNDLE_IDENTIFIER = "Nestor-Velasco.Emotion-Wallpaper";
				PRODUCT_NAME = "$(TARGET_NAME)";
				SWIFT_EMIT_LOC_STRINGS = YES;
				SWIFT_VERSION = 5.0;
				TARGETED_DEVICE_FAMILY = "1,2";
			};
			name = Debug;
		};
		49DEDEF72A843DB8003C1850 /* Release */ = {
			isa = XCBuildConfiguration;
			buildSettings = {
				ASSETCATALOG_COMPILER_APPICON_NAME = AppIcon;
				ASSETCATALOG_COMPILER_GLOBAL_ACCENT_COLOR_NAME = AccentColor;
				CODE_SIGN_STYLE = Automatic;
				CURRENT_PROJECT_VERSION = 1;
				DEVELOPMENT_TEAM = NWA6SVYX34;
				GENERATE_INFOPLIST_FILE = YES;
				INFOPLIST_FILE = "Emotion Wallpaper/Info.plist";
				INFOPLIST_KEY_NSCameraUsageDescription = "To share and capture photos, Emotion WallPaper needs access to your camera.";
				INFOPLIST_KEY_UIApplicationSupportsIndirectInputEvents = YES;
				INFOPLIST_KEY_UILaunchStoryboardName = LaunchScreen;
				INFOPLIST_KEY_UIMainStoryboardFile = Main;
				INFOPLIST_KEY_UISupportedInterfaceOrientations_iPad = "UIInterfaceOrientationPortrait UIInterfaceOrientationPortraitUpsideDown UIInterfaceOrientationLandscapeLeft UIInterfaceOrientationLandscapeRight";
				INFOPLIST_KEY_UISupportedInterfaceOrientations_iPhone = "UIInterfaceOrientationPortrait UIInterfaceOrientationLandscapeLeft UIInterfaceOrientationLandscapeRight";
				LD_RUNPATH_SEARCH_PATHS = (
					"$(inherited)",
					"@executable_path/Frameworks",
				);
				MARKETING_VERSION = 1.0;
				PRODUCT_BUNDLE_IDENTIFIER = "Nestor-Velasco.Emotion-Wallpaper";
				PRODUCT_NAME = "$(TARGET_NAME)";
				SWIFT_EMIT_LOC_STRINGS = YES;
				SWIFT_VERSION = 5.0;
				TARGETED_DEVICE_FAMILY = "1,2";
			};
			name = Release;
		};
/* End XCBuildConfiguration section */

/* Begin XCConfigurationList section */
		49DEDEDC2A843DA2003C1850 /* Build configuration list for PBXProject "Emotion Wallpaper" */ = {
			isa = XCConfigurationList;
			buildConfigurations = (
				49DEDEF32A843DB8003C1850 /* Debug */,
				49DEDEF42A843DB8003C1850 /* Release */,
			);
			defaultConfigurationIsVisible = 0;
			defaultConfigurationName = Release;
		};
		49DEDEF52A843DB8003C1850 /* Build configuration list for PBXNativeTarget "Emotion Wallpaper" */ = {
			isa = XCConfigurationList;
			buildConfigurations = (
				49DEDEF62A843DB8003C1850 /* Debug */,
				49DEDEF72A843DB8003C1850 /* Release */,
			);
			defaultConfigurationIsVisible = 0;
			defaultConfigurationName = Release;
		};
/* End XCConfigurationList section */
	};
	rootObject = 49DEDED92A843DA2003C1850 /* Project object */;
}
